
Microsoft Visual Studio Solution File, Format Version 12.00
# Visual Studio Version 17
VisualStudioVersion = 17.6.33815.320
MinimumVisualStudioVersion = 10.0.40219.1
Project("{FAE04EC0-301F-11D3-BF4B-00C04F79EFBC}") = "Spotify", "Spotify.csproj", "{7F35CFCA-072A-4F8E-BB69-9ADD1EF3FDE7}"
EndProject
Global
	GlobalSection(SolutionConfigurationPlatforms) = preSolution
		Debug|Any CPU = Debug|Any CPU
		Release|Any CPU = Release|Any CPU
	EndGlobalSection
	GlobalSection(ProjectConfigurationPlatforms) = postSolution
		{7F35CFCA-072A-4F8E-BB69-9ADD1EF3FDE7}.Debug|Any CPU.ActiveCfg = Debug|Any CPU
		{7F35CFCA-072A-4F8E-BB69-9ADD1EF3FDE7}.Debug|Any CPU.Build.0 = Debug|Any CPU
		{7F35CFCA-072A-4F8E-BB69-9ADD1EF3FDE7}.Release|Any CPU.ActiveCfg = Release|Any CPU
		{7F35CFCA-072A-4F8E-BB69-9ADD1EF3FDE7}.Release|Any CPU.Build.0 = Release|Any CPU
	EndGlobalSection
	GlobalSection(SolutionProperties) = preSolution
		HideSolutionNode = FALSE
	EndGlobalSection
	GlobalSection(ExtensibilityGlobals) = postSolution
		SolutionGuid = {EF5EA75C-A092-4F2B-9C0B-402637ED9F96}
	EndGlobalSection
EndGlobal
